
Microsoft Visual Studio Solution File, Format Version 12.00
# Visual Studio Version 16
VisualStudioVersion = 16.0.34729.46
MinimumVisualStudioVersion = 10.0.40219.1
Project("{FAE04EC0-301F-11D3-BF4B-00C04F79EFBC}") = "GPOffice", "GPOffice.csproj", "{07414A0B-A0D8-4086-A721-3CC5D46973B9}"
EndProject
Global
	GlobalSection(SolutionConfigurationPlatforms) = preSolution
		Debug|Any CPU = Debug|Any CPU
		Release|Any CPU = Release|Any CPU
	EndGlobalSection
	GlobalSection(ProjectConfigurationPlatforms) = postSolution
		{07414A0B-A0D8-4086-A721-3CC5D46973B9}.Debug|Any CPU.ActiveCfg = Debug|Any CPU
		{07414A0B-A0D8-4086-A721-3CC5D46973B9}.Debug|Any CPU.Build.0 = Debug|Any CPU
		{07414A0B-A0D8-4086-A721-3CC5D46973B9}.Release|Any CPU.ActiveCfg = Release|Any CPU
		{07414A0B-A0D8-4086-A721-3CC5D46973B9}.Release|Any CPU.Build.0 = Release|Any CPU
	EndGlobalSection
	GlobalSection(SolutionProperties) = preSolution
		HideSolutionNode = FALSE
	EndGlobalSection
	GlobalSection(ExtensibilityGlobals) = postSolution
		SolutionGuid = {4DD6EC7C-29FD-4938-BAC6-F2F2E0617541}
	EndGlobalSection
EndGlobal
